
Microsoft Visual Studio Solution File, Format Version 12.00
Project("{FAE04EC0-301F-11D3-BF4B-00C04F79EFBC}") = "Poke", "Poke\Poke.csproj", "{087B470B-F074-4596-9A17-2095A7CEA8B8}"
EndProject
Project("{FAE04EC0-301F-11D3-BF4B-00C04F79EFBC}") = "Poke.Tests", "Poke.Tests\Poke.Tests.csproj", "{A2190B6E-4C09-493E-9071-83303000F0C7}"
EndProject
Global
	GlobalSection(SolutionConfigurationPlatforms) = preSolution
		Debug|Any CPU = Debug|Any CPU
		Debug|x64 = Debug|x64
		Debug|x86 = Debug|x86
		Release|Any CPU = Release|Any CPU
		Release|x64 = Release|x64
		Release|x86 = Release|x86
	EndGlobalSection
	GlobalSection(ProjectConfigurationPlatforms) = postSolution
		{087B470B-F074-4596-9A17-2095A7CEA8B8}.Debug|Any CPU.ActiveCfg = Debug|Any CPU
		{087B470B-F074-4596-9A17-2095A7CEA8B8}.Debug|Any CPU.Build.0 = Debug|Any CPU
		{087B470B-F074-4596-9A17-2095A7CEA8B8}.Debug|x64.ActiveCfg = Debug|Any CPU
		{087B470B-F074-4596-9A17-2095A7CEA8B8}.Debug|x64.Build.0 = Debug|Any CPU
		{087B470B-F074-4596-9A17-2095A7CEA8B8}.Debug|x86.ActiveCfg = Debug|Any CPU
		{087B470B-F074-4596-9A17-2095A7CEA8B8}.Debug|x86.Build.0 = Debug|Any CPU
		{087B470B-F074-4596-9A17-2095A7CEA8B8}.Release|Any CPU.ActiveCfg = Release|Any CPU
		{087B470B-F074-4596-9A17-2095A7CEA8B8}.Release|Any CPU.Build.0 = Release|Any CPU
		{087B470B-F074-4596-9A17-2095A7CEA8B8}.Release|x64.ActiveCfg = Release|Any CPU
		{087B470B-F074-4596-9A17-2095A7CEA8B8}.Release|x64.Build.0 = Release|Any CPU
		{087B470B-F074-4596-9A17-2095A7CEA8B8}.Release|x86.ActiveCfg = Release|Any CPU
		{087B470B-F074-4596-9A17-2095A7CEA8B8}.Release|x86.Build.0 = Release|Any CPU
		{A2190B6E-4C09-493E-9071-83303000F0C7}.Debug|Any CPU.ActiveCfg = Debug|Any CPU
		{A2190B6E-4C09-493E-9071-83303000F0C7}.Debug|Any CPU.Build.0 = Debug|Any CPU
		{A2190B6E-4C09-493E-9071-83303000F0C7}.Debug|x64.ActiveCfg = Debug|Any CPU
		{A2190B6E-4C09-493E-9071-83303000F0C7}.Debug|x64.Build.0 = Debug|Any CPU
		{A2190B6E-4C09-493E-9071-83303000F0C7}.Debug|x86.ActiveCfg = Debug|Any CPU
		{A2190B6E-4C09-493E-9071-83303000F0C7}.Debug|x86.Build.0 = Debug|Any CPU
		{A2190B6E-4C09-493E-9071-83303000F0C7}.Release|Any CPU.ActiveCfg = Release|Any CPU
		{A2190B6E-4C09-493E-9071-83303000F0C7}.Release|Any CPU.Build.0 = Release|Any CPU
		{A2190B6E-4C09-493E-9071-83303000F0C7}.Release|x64.ActiveCfg = Release|Any CPU
		{A2190B6E-4C09-493E-9071-83303000F0C7}.Release|x64.Build.0 = Release|Any CPU
		{A2190B6E-4C09-493E-9071-83303000F0C7}.Release|x86.ActiveCfg = Release|Any CPU
		{A2190B6E-4C09-493E-9071-83303000F0C7}.Release|x86.Build.0 = Release|Any CPU
	EndGlobalSection
	GlobalSection(SolutionProperties) = preSolution
		HideSolutionNode = FALSE
	EndGlobalSection
EndGlobal
